{
  "originHash" : "11128a2ceba3c42f2a6d1104b1f856442b35faff72d0f19d98d37345f7c6d324",
  "pins" : [
    {
      "identity" : "factory",
      "kind" : "remoteSourceControl",
      "location" : "https://github.com/hmlongco/Factory",
      "state" : {
        "revision" : "b32dc7a813c2da6b3c3618df12534b1d85c6aa78",
        "version" : "3.0.5"
      }
    }
  ],
  "version" : 3
}
